
Microsoft Visual Studio Solution File, Format Version 12.00
# Visual Studio Version 17
VisualStudioVersion = 17.5.33530.505
MinimumVisualStudioVersion = 10.0.40219.1
Project("{FAE04EC0-301F-11D3-BF4B-00C04F79EFBC}") = "ComelitApiGateway", "ComelitApiGateway\ComelitApiGateway.csproj", "{6917CEBA-F6DA-4506-ACFD-D28BCE295130}"
EndProject
Project("{FAE04EC0-301F-11D3-BF4B-00C04F79EFBC}") = "ComelitApiGateway.Commons", "ComelitApiGateway.Commons\ComelitApiGateway.Commons.csproj", "{FB56EC32-8227-4359-93AC-4800199ABDA4}"
EndProject
Project("{FAE04EC0-301F-11D3-BF4B-00C04F79EFBC}") = "ComelitApiGateway.Services", "ComelitApiGateway.Services\ComelitApiGateway.Services.csproj", "{5244DE94-FFD9-4EDE-A77C-4D2E418AC0CE}"
EndProject
Global
	GlobalSection(SolutionConfigurationPlatforms) = preSolution
		Debug|Any CPU = Debug|Any CPU
		Release|Any CPU = Release|Any CPU
	EndGlobalSection
	GlobalSection(ProjectConfigurationPlatforms) = postSolution
		{6917CEBA-F6DA-4506-ACFD-D28BCE295130}.Debug|Any CPU.ActiveCfg = Debug|Any CPU
		{6917CEBA-F6DA-4506-ACFD-D28BCE295130}.Debug|Any CPU.Build.0 = Debug|Any CPU
		{6917CEBA-F6DA-4506-ACFD-D28BCE295130}.Release|Any CPU.ActiveCfg = Release|Any CPU
		{6917CEBA-F6DA-4506-ACFD-D28BCE295130}.Release|Any CPU.Build.0 = Release|Any CPU
		{FB56EC32-8227-4359-93AC-4800199ABDA4}.Debug|Any CPU.ActiveCfg = Debug|Any CPU
		{FB56EC32-8227-4359-93AC-4800199ABDA4}.Debug|Any CPU.Build.0 = Debug|Any CPU
		{FB56EC32-8227-4359-93AC-4800199ABDA4}.Release|Any CPU.ActiveCfg = Release|Any CPU
		{FB56EC32-8227-4359-93AC-4800199ABDA4}.Release|Any CPU.Build.0 = Release|Any CPU
		{5244DE94-FFD9-4EDE-A77C-4D2E418AC0CE}.Debug|Any CPU.ActiveCfg = Debug|Any CPU
		{5244DE94-FFD9-4EDE-A77C-4D2E418AC0CE}.Debug|Any CPU.Build.0 = Debug|Any CPU
		{5244DE94-FFD9-4EDE-A77C-4D2E418AC0CE}.Release|Any CPU.ActiveCfg = Release|Any CPU
		{5244DE94-FFD9-4EDE-A77C-4D2E418AC0CE}.Release|Any CPU.Build.0 = Release|Any CPU
	EndGlobalSection
	GlobalSection(SolutionProperties) = preSolution
		HideSolutionNode = FALSE
	EndGlobalSection
	GlobalSection(ExtensibilityGlobals) = postSolution
		SolutionGuid = {0EA2EA0F-E830-4E9A-A2A9-B1972D78A6D0}
	EndGlobalSection
EndGlobal
